
Microsoft Visual Studio Solution File, Format Version 12.00
# Visual Studio Version 17
VisualStudioVersion = 17.11.35219.272
MinimumVisualStudioVersion = 10.0.40219.1
Project("{FAE04EC0-301F-11D3-BF4B-00C04F79EFBC}") = "Homework19", "Homework19\Homework19.csproj", "{5C6ACB89-A2E0-4B83-96A2-9BE9639616B3}"
EndProject
Project("{FAE04EC0-301F-11D3-BF4B-00C04F79EFBC}") = "Homework19.DataBase", "Hommework19.DataBase\Homework19.DataBase.csproj", "{6F6FA1C3-8981-46DC-9899-C2E8CC687883}"
EndProject
Project("{FAE04EC0-301F-11D3-BF4B-00C04F79EFBC}") = "Homework19.Models", "Homework19.Models\Homework19.Models.csproj", "{3F3F135A-EE93-4F81-B6AD-373918FA06A8}"
EndProject
Global
	GlobalSection(SolutionConfigurationPlatforms) = preSolution
		Debug|Any CPU = Debug|Any CPU
		Release|Any CPU = Release|Any CPU
	EndGlobalSection
	GlobalSection(ProjectConfigurationPlatforms) = postSolution
		{5C6ACB89-A2E0-4B83-96A2-9BE9639616B3}.Debug|Any CPU.ActiveCfg = Debug|Any CPU
		{5C6ACB89-A2E0-4B83-96A2-9BE9639616B3}.Debug|Any CPU.Build.0 = Debug|Any CPU
		{5C6ACB89-A2E0-4B83-96A2-9BE9639616B3}.Release|Any CPU.ActiveCfg = Release|Any CPU
		{5C6ACB89-A2E0-4B83-96A2-9BE9639616B3}.Release|Any CPU.Build.0 = Release|Any CPU
		{6F6FA1C3-8981-46DC-9899-C2E8CC687883}.Debug|Any CPU.ActiveCfg = Debug|Any CPU
		{6F6FA1C3-8981-46DC-9899-C2E8CC687883}.Debug|Any CPU.Build.0 = Debug|Any CPU
		{6F6FA1C3-8981-46DC-9899-C2E8CC687883}.Release|Any CPU.ActiveCfg = Release|Any CPU
		{6F6FA1C3-8981-46DC-9899-C2E8CC687883}.Release|Any CPU.Build.0 = Release|Any CPU
		{3F3F135A-EE93-4F81-B6AD-373918FA06A8}.Debug|Any CPU.ActiveCfg = Debug|Any CPU
		{3F3F135A-EE93-4F81-B6AD-373918FA06A8}.Debug|Any CPU.Build.0 = Debug|Any CPU
		{3F3F135A-EE93-4F81-B6AD-373918FA06A8}.Release|Any CPU.ActiveCfg = Release|Any CPU
		{3F3F135A-EE93-4F81-B6AD-373918FA06A8}.Release|Any CPU.Build.0 = Release|Any CPU
	EndGlobalSection
	GlobalSection(SolutionProperties) = preSolution
		HideSolutionNode = FALSE
	EndGlobalSection
	GlobalSection(ExtensibilityGlobals) = postSolution
		SolutionGuid = {60E3AD9A-F659-4989-9AEF-1BF6857F5D6B}
	EndGlobalSection
EndGlobal
